# shellcheck shell=bash
# Exact upstream revisions used by setup.sh and doctor.sh.

OPENC906_URL="https://github.com/XUANTIE-RV/openc906.git"
OPENC906_COMMIT="b0c06eb1f8b3bae663bd8b87eac89ff48e68a57f"

OPENSBI_URL="https://github.com/riscv-software-src/opensbi.git"
OPENSBI_COMMIT="337c23dd66b821ac04a0f7bea313e7e7b30ecc49"

LINUX_URL="https://github.com/torvalds/linux.git"
LINUX_COMMIT="d58772d8520c7ef247c4b95c9bd76d3a25da9ff5"

BUILDROOT_URL="https://github.com/buildroot/buildroot.git"
BUILDROOT_COMMIT="d38b4915e9437c5492836914c0a0fff12b4f1031"

# Ubuntu 24.04 amd64 package, unpacked locally rather than installed globally.
IVERILOG_DEB_VERSION="12.0-2build2"
IVERILOG_DEB_FILE="iverilog_12.0-2build2_amd64.deb"
IVERILOG_DEB_SHA256="f19394cee05ad526e0eb3873bc6c17a5828f56df17fbe2db40cb66513a2d4667"

# Source fallback reference for hosts where a local package is not suitable.
IVERILOG_URL="https://github.com/steveicarus/iverilog.git"
IVERILOG_COMMIT="4fd5291632232fbe1ba49b2c26bb6b2bf1c6c9cf"

# Verilator 5.050 source archive (GitHub tag tarball). The Linux RTL build uses
# --timing, which the Ubuntu 5.020 package does not provide, so setup.sh builds
# the pinned release into .toolchain/verilator-5.050-install/.
VERILATOR_URL="https://github.com/verilator/verilator/archive/refs/tags/v5.050.tar.gz"
VERILATOR_TARBALL="verilator-v5.050.tar.gz"
VERILATOR_SHA256="ec6723f30c1798b1fbbbed97364f09c431fb4875577c314f37240e99b60a4a04"
